
Microsoft Visual Studio Solution File, Format Version 12.00
# Visual Studio Version 17
VisualStudioVersion = 17.14.36408.4 d17.14
MinimumVisualStudioVersion = 10.0.40219.1
Project("{FAE04EC0-301F-11D3-BF4B-00C04F79EFBC}") = "QMCDemo", "QMCDemo\QMCDemo.csproj", "{367BF37E-DDB0-4279-8481-3C8CF86C3D83}"
EndProject
Global
	GlobalSection(SolutionConfigurationPlatforms) = preSolution
		Debug|Any CPU = Debug|Any CPU
		Release|Any CPU = Release|Any CPU
	EndGlobalSection
	GlobalSection(ProjectConfigurationPlatforms) = postSolution
		{367BF37E-DDB0-4279-8481-3C8CF86C3D83}.Debug|Any CPU.ActiveCfg = Debug|Any CPU
		{367BF37E-DDB0-4279-8481-3C8CF86C3D83}.Debug|Any CPU.Build.0 = Debug|Any CPU
		{367BF37E-DDB0-4279-8481-3C8CF86C3D83}.Release|Any CPU.ActiveCfg = Release|Any CPU
		{367BF37E-DDB0-4279-8481-3C8CF86C3D83}.Release|Any CPU.Build.0 = Release|Any CPU
	EndGlobalSection
	GlobalSection(SolutionProperties) = preSolution
		HideSolutionNode = FALSE
	EndGlobalSection
	GlobalSection(ExtensibilityGlobals) = postSolution
		SolutionGuid = {38C0C782-EB60-443B-AE95-138A45D21C02}
	EndGlobalSection
EndGlobal
